PODS:
  - Flutter (1.0.0)
  - ThunderID (0.0.1)
  - thunderid_flutter (0.0.0):
    - Flutter
    - ThunderID (~> 0.0)

DEPENDENCIES:
  - Flutter (from `Flutter`)
  - ThunderID (from `../../../../tools/sdks/thunderid-ios`)
  - thunderid_flutter (from `.symlinks/plugins/thunderid_flutter/ios`)

EXTERNAL SOURCES:
  Flutter:
    :path: Flutter
  ThunderID:
    :path: "../../../../tools/sdks/thunderid-ios"
  thunderid_flutter:
    :path: ".symlinks/plugins/thunderid_flutter/ios"

SPEC CHECKSUMS:
  Flutter: cabc95a1d2626b1b06e7179b784ebcf0c0cde467
  ThunderID: eec320bd5627692cbc445753f431499e3c75cd67
  thunderid_flutter: a00559a42ae6cffc1fd84d506b9423309f70de14

PODFILE CHECKSUM: 3b4dfbc9a730322a5398869eda4685aab1366435

COCOAPODS: 1.16.2
